// !$*UTF8*$!
{
	archiveVersion = 1;
	classes = {
	};
	objectVersion = 55;
	objects = {

/* Begin PBXBuildFile section */
		D70F34FE28267AA900A8EC8F /* AppDelegate.swift in Sources */ = {isa = PBXBuildFile; fileRef = D70F34FD28267AA900A8EC8F /* AppDelegate.swift */; };
		D70F350228267AA900A8EC8F /* MessagesViewController.swift in Sources */ = {isa = PBXBuildFile; fileRef = D70F350128267AA900A8EC8F /* MessagesViewController.swift */; };
		D70F350728267AAB00A8EC8F /* Assets.xcassets in Resources */ = {isa = PBXBuildFile; fileRef = D70F350628267AAB00A8EC8F /* Assets.xcassets */; };
		D70F350A28267AAB00A8EC8F /* LaunchScreen.storyboard in Resources */ = {isa = PBXBuildFile; fileRef = D70F350828267AAB00A8EC8F /* LaunchScreen.storyboard */; };
		D7B2BD21282687AA005AEEB8 /* NetworkService.swift in Sources */ = {isa = PBXBuildFile; fileRef = D7B2BD20282687AA005AEEB8 /* NetworkService.swift */; };
		D7B2BD242826AB51005AEEB8 /* ResultModel.swift in Sources */ = {isa = PBXBuildFile; fileRef = D7B2BD232826AB51005AEEB8 /* ResultModel.swift */; };
		D7B2BD2B2826BDB8005AEEB8 /* UIView+Extension.swift in Sources */ = {isa = PBXBuildFile; fileRef = D7B2BD2A2826BDB8005AEEB8 /* UIView+Extension.swift */; };
		D7B2BD7328289039005AEEB8 /* LoadingCell.swift in Sources */ = {isa = PBXBuildFile; fileRef = D7B2BD7228289039005AEEB8 /* LoadingCell.swift */; };
		D7B2BD7528294A73005AEEB8 /* UITableView+Extension.swift in Sources */ = {isa = PBXBuildFile; fileRef = D7B2BD7428294A73005AEEB8 /* UITableView+Extension.swift */; };
		D7D102F6282C2D8E00D4A65D /* MessageCell.swift in Sources */ = {isa = PBXBuildFile; fileRef = D7D102F5282C2D8E00D4A65D /* MessageCell.swift */; };
		D7D102FE282C828C00D4A65D /* Localizable.strings in Resources */ = {isa = PBXBuildFile; fileRef = D7D10300282C828C00D4A65D /* Localizable.strings */; };
		D7D10307282C87EC00D4A65D /* InfoPlist.strings in Resources */ = {isa = PBXBuildFile; fileRef = D7D10309282C87EC00D4A65D /* InfoPlist.strings */; };
/* End PBXBuildFile section */

/* Begin PBXFileReference section */
		D70F34FA28267AA900A8EC8F /* involta-job-placement-assigment.app */ = {isa = PBXFileReference; explicitFileType = wrapper.application; includeInIndex = 0; path = "involta-job-placement-assigment.app"; sourceTree = BUILT_PRODUCTS_DIR; };
		D70F34FD28267AA900A8EC8F /* AppDelegate.swift */ = {isa = PBXFileReference; lastKnownFileType = sourcecode.swift; path = AppDelegate.swift; sourceTree = "<group>"; };
		D70F350128267AA900A8EC8F /* MessagesViewController.swift */ = {isa = PBXFileReference; lastKnownFileType = sourcecode.swift; path = MessagesViewController.swift; sourceTree = "<group>"; };
		D70F350628267AAB00A8EC8F /* Assets.xcassets */ = {isa = PBXFileReference; lastKnownFileType = folder.assetcatalog; path = Assets.xcassets; sourceTree = "<group>"; };
		D70F350928267AAB00A8EC8F /* Base */ = {isa = PBXFileReference; lastKnownFileType = file.storyboard; name = Base; path = Base.lproj/LaunchScreen.storyboard; sourceTree = "<group>"; };
		D70F350B28267AAB00A8EC8F /* Info.plist */ = {isa = PBXFileReference; lastKnownFileType = text.plist.xml; path = Info.plist; sourceTree = "<group>"; };
		D7B2BD20282687AA005AEEB8 /* NetworkService.swift */ = {isa = PBXFileReference; lastKnownFileType = sourcecode.swift; path = NetworkService.swift; sourceTree = "<group>"; };
		D7B2BD232826AB51005AEEB8 /* ResultModel.swift */ = {isa = PBXFileReference; lastKnownFileType = sourcecode.swift; path = ResultModel.swift; sourceTree = "<group>"; };
		D7B2BD2A2826BDB8005AEEB8 /* UIView+Extension.swift */ = {isa = PBXFileReference; lastKnownFileType = sourcecode.swift; path = "UIView+Extension.swift"; sourceTree = "<group>"; };
		D7B2BD7228289039005AEEB8 /* LoadingCell.swift */ = {isa = PBXFileReference; lastKnownFileType = sourcecode.swift; path = LoadingCell.swift; sourceTree = "<group>"; };
		D7B2BD7428294A73005AEEB8 /* UITableView+Extension.swift */ = {isa = PBXFileReference; lastKnownFileType = sourcecode.swift; path = "UITableView+Extension.swift"; sourceTree = "<group>"; };
		D7D102F5282C2D8E00D4A65D /* MessageCell.swift */ = {isa = PBXFileReference; lastKnownFileType = sourcecode.swift; path = MessageCell.swift; sourceTree = "<group>"; };
		D7D102FF282C828C00D4A65D /* en */ = {isa = PBXFileReference; lastKnownFileType = text.plist.strings; name = en; path = en.lproj/Localizable.strings; sourceTree = "<group>"; };
		D7D10301282C857700D4A65D /* ru */ = {isa = PBXFileReference; lastKnownFileType = text.plist.strings; name = ru; path = ru.lproj/LaunchScreen.strings; sourceTree = "<group>"; };
		D7D10302282C857700D4A65D /* ru */ = {isa = PBXFileReference; lastKnownFileType = text.plist.strings; name = ru; path = ru.lproj/Localizable.strings; sourceTree = "<group>"; };
		D7D10308282C87EC00D4A65D /* ru */ = {isa = PBXFileReference; lastKnownFileType = text.plist.strings; name = ru; path = ru.lproj/InfoPlist.strings; sourceTree = "<group>"; };
		D7D1030A282C87F400D4A65D /* en */ = {isa = PBXFileReference; lastKnownFileType = text.plist.strings; name = en; path = en.lproj/InfoPlist.strings; sourceTree = "<group>"; };
/* End PBXFileReference section */

/* Begin PBXFrameworksBuildPhase section */
		D70F34F728267AA900A8EC8F /* Frameworks */ = {
			isa = PBXFrameworksBuildPhase;
			buildActionMask = 2147483647;
			files = (
			);
			runOnlyForDeploymentPostprocessing = 0;
		};
/* End PBXFrameworksBuildPhase section */

/* Begin PBXGroup section */
		D70F34F128267AA900A8EC8F = {
			isa = PBXGroup;
			children = (
				D70F34FC28267AA900A8EC8F /* involta-job-placement-assigment */,
				D7D10300282C828C00D4A65D /* Localizable.strings */,
				D70F34FB28267AA900A8EC8F /* Products */,
			);
			sourceTree = "<group>";
		};
		D70F34FB28267AA900A8EC8F /* Products */ = {
			isa = PBXGroup;
			children = (
				D70F34FA28267AA900A8EC8F /* involta-job-placement-assigment.app */,
			);
			name = Products;
			sourceTree = "<group>";
		};
		D70F34FC28267AA900A8EC8F /* involta-job-placement-assigment */ = {
			isa = PBXGroup;
			children = (
				D7B2BD292826BDA4005AEEB8 /* Extension */,
				D7B2BD252826BB88005AEEB8 /* Scenario */,
				D7B2BD2228268BCE005AEEB8 /* Model */,
				D7B2BD1F28268792005AEEB8 /* Network */,
				D70F34FD28267AA900A8EC8F /* AppDelegate.swift */,
				D70F350628267AAB00A8EC8F /* Assets.xcassets */,
				D70F350828267AAB00A8EC8F /* LaunchScreen.storyboard */,
				D70F350B28267AAB00A8EC8F /* Info.plist */,
				D7D10309282C87EC00D4A65D /* InfoPlist.strings */,
			);
			path = "involta-job-placement-assigment";
			sourceTree = "<group>";
		};
		D7B2BD1F28268792005AEEB8 /* Network */ = {
			isa = PBXGroup;
			children = (
				D7B2BD20282687AA005AEEB8 /* NetworkService.swift */,
			);
			path = Network;
			sourceTree = "<group>";
		};
		D7B2BD2228268BCE005AEEB8 /* Model */ = {
			isa = PBXGroup;
			children = (
				D7B2BD232826AB51005AEEB8 /* ResultModel.swift */,
			);
			path = Model;
			sourceTree = "<group>";
		};
		D7B2BD252826BB88005AEEB8 /* Scenario */ = {
			isa = PBXGroup;
			children = (
				D7B2BD262826BBC0005AEEB8 /* ShowMessages */,
			);
			path = Scenario;
			sourceTree = "<group>";
		};
		D7B2BD262826BBC0005AEEB8 /* ShowMessages */ = {
			isa = PBXGroup;
			children = (
				D7B2BD7128289013005AEEB8 /* ViewHelpers */,
				D70F350128267AA900A8EC8F /* MessagesViewController.swift */,
			);
			path = ShowMessages;
			sourceTree = "<group>";
		};
		D7B2BD292826BDA4005AEEB8 /* Extension */ = {
			isa = PBXGroup;
			children = (
				D7B2BD2A2826BDB8005AEEB8 /* UIView+Extension.swift */,
				D7B2BD7428294A73005AEEB8 /* UITableView+Extension.swift */,
			);
			path = Extension;
			sourceTree = "<group>";
		};
		D7B2BD7128289013005AEEB8 /* ViewHelpers */ = {
			isa = PBXGroup;
			children = (
				D7B2BD7228289039005AEEB8 /* LoadingCell.swift */,
				D7D102F5282C2D8E00D4A65D /* MessageCell.swift */,
			);
			path = ViewHelpers;
			sourceTree = "<group>";
		};
/* End PBXGroup section */

/* Begin PBXNativeTarget section */
		D70F34F928267AA900A8EC8F /* involta-job-placement-assigment */ = {
			isa = PBXNativeTarget;
			buildConfigurationList = D70F350E28267AAB00A8EC8F /* Build configuration list for PBXNativeTarget "involta-job-placement-assigment" */;
			buildPhases = (
				D70F34F628267AA900A8EC8F /* Sources */,
				D70F34F728267AA900A8EC8F /* Frameworks */,
				D70F34F828267AA900A8EC8F /* Resources */,
			);
			buildRules = (
			);
			dependencies = (
			);
			name = "involta-job-placement-assigment";
			productName = "involta-job-placement-assigment";
			productReference = D70F34FA28267AA900A8EC8F /* involta-job-placement-assigment.app */;
			productType = "com.apple.product-type.application";
		};
/* End PBXNativeTarget section */

/* Begin PBXProject section */
		D70F34F228267AA900A8EC8F /* Project object */ = {
			isa = PBXProject;
			attributes = {
				BuildIndependentTargetsInParallel = 1;
				LastSwiftUpdateCheck = 1330;
				LastUpgradeCheck = 1330;
				TargetAttributes = {
					D70F34F928267AA900A8EC8F = {
						CreatedOnToolsVersion = 13.3;
					};
				};
			};
			buildConfigurationList = D70F34F528267AA900A8EC8F /* Build configuration list for PBXProject "involta-job-placement-assigment" */;
			compatibilityVersion = "Xcode 13.0";
			developmentRegion = en;
			hasScannedForEncodings = 0;
			knownRegions = (
				en,
				Base,
				ru,
			);
			mainGroup = D70F34F128267AA900A8EC8F;
			productRefGroup = D70F34FB28267AA900A8EC8F /* Products */;
			projectDirPath = "";
			projectRoot = "";
			targets = (
				D70F34F928267AA900A8EC8F /* involta-job-placement-assigment */,
			);
		};
/* End PBXProject section */

/* Begin PBXResourcesBuildPhase section */
		D70F34F828267AA900A8EC8F /* Resources */ = {
			isa = PBXResourcesBuildPhase;
			buildActionMask = 2147483647;
			files = (
				D70F350A28267AAB00A8EC8F /* LaunchScreen.storyboard in Resources */,
				D7D10307282C87EC00D4A65D /* InfoPlist.strings in Resources */,
				D7D102FE282C828C00D4A65D /* Localizable.strings in Resources */,
				D70F350728267AAB00A8EC8F /* Assets.xcassets in Resources */,
			);
			runOnlyForDeploymentPostprocessing = 0;
		};
/* End PBXResourcesBuildPhase section */

/* Begin PBXSourcesBuildPhase section */
		D70F34F628267AA900A8EC8F /* Sources */ = {
			isa = PBXSourcesBuildPhase;
			buildActionMask = 2147483647;
			files = (
				D7B2BD7328289039005AEEB8 /* LoadingCell.swift in Sources */,
				D7D102F6282C2D8E00D4A65D /* MessageCell.swift in Sources */,
				D7B2BD2B2826BDB8005AEEB8 /* UIView+Extension.swift in Sources */,
				D7B2BD7528294A73005AEEB8 /* UITableView+Extension.swift in Sources */,
				D7B2BD242826AB51005AEEB8 /* ResultModel.swift in Sources */,
				D70F350228267AA900A8EC8F /* MessagesViewController.swift in Sources */,
				D7B2BD21282687AA005AEEB8 /* NetworkService.swift in Sources */,
				D70F34FE28267AA900A8EC8F /* AppDelegate.swift in Sources */,
			);
			runOnlyForDeploymentPostprocessing = 0;
		};
/* End PBXSourcesBuildPhase section */

/* Begin PBXVariantGroup section */
		D70F350828267AAB00A8EC8F /* LaunchScreen.storyboard */ = {
			isa = PBXVariantGroup;
			children = (
				D70F350928267AAB00A8EC8F /* Base */,
				D7D10301282C857700D4A65D /* ru */,
			);
			name = LaunchScreen.storyboard;
			sourceTree = "<group>";
		};
		D7D10300282C828C00D4A65D /* Localizable.strings */ = {
			isa = PBXVariantGroup;
			children = (
				D7D102FF282C828C00D4A65D /* en */,
				D7D10302282C857700D4A65D /* ru */,
			);
			name = Localizable.strings;
			sourceTree = "<group>";
		};
		D7D10309282C87EC00D4A65D /* InfoPlist.strings */ = {
			isa = PBXVariantGroup;
			children = (
				D7D10308282C87EC00D4A65D /* ru */,
				D7D1030A282C87F400D4A65D /* en */,
			);
			name = InfoPlist.strings;
			sourceTree = "<group>";
		};
/* End PBXVariantGroup section */

/* Begin XCBuildConfiguration section */
		D70F350C28267AAB00A8EC8F /* Debug */ = {
			isa = XCBuildConfiguration;
			buildSettings = {
				ALWAYS_SEARCH_USER_PATHS = NO;
				CLANG_ANALYZER_LOCALIZABILITY_NONLOCALIZED = YES;
				CLANG_ANALYZER_NONNULL = YES;
				CLANG_ANALYZER_NUMBER_OBJECT_CONVERSION = YES_AGGRESSIVE;
				CLANG_CXX_LANGUAGE_STANDARD = "gnu++17";
				CLANG_ENABLE_MODULES = YES;
				CLANG_ENABLE_OBJC_ARC = YES;
				CLANG_ENABLE_OBJC_WEAK = YES;
				CLANG_WARN_BLOCK_CAPTURE_AUTORELEASING = YES;
				CLANG_WARN_BOOL_CONVERSION = YES;
				CLANG_WARN_COMMA = YES;
				CLANG_WARN_CONSTANT_CONVERSION = YES;
				CLANG_WARN_DEPRECATED_OBJC_IMPLEMENTATIONS = YES;
				CLANG_WARN_DIRECT_OBJC_ISA_USAGE = YES_ERROR;
				CLANG_WARN_DOCUMENTATION_COMMENTS = YES;
				CLANG_WARN_EMPTY_BODY = YES;
				CLANG_WARN_ENUM_CONVERSION = YES;
				CLANG_WARN_INFINITE_RECURSION = YES;
				CLANG_WARN_INT_CONVERSION = YES;
				CLANG_WARN_NON_LITERAL_NULL_CONVERSION = YES;
				CLANG_WARN_OBJC_IMPLICIT_RETAIN_SELF = YES;
				CLANG_WARN_OBJC_LITERAL_CONVERSION = YES;
				CLANG_WARN_OBJC_ROOT_CLASS = YES_ERROR;
				CLANG_WARN_QUOTED_INCLUDE_IN_FRAMEWORK_HEADER = YES;
				CLANG_WARN_RANGE_LOOP_ANALYSIS = YES;
				CLANG_WARN_STRICT_PROTOTYPES = YES;
				CLANG_WARN_SUSPICIOUS_MOVE = YES;
				CLANG_WARN_UNGUARDED_AVAILABILITY = YES_AGGRESSIVE;
				CLANG_WARN_UNREACHABLE_CODE = YES;
				CLANG_WARN__DUPLICATE_METHOD_MATCH = YES;
				COPY_PHASE_STRIP = NO;
				DEBUG_INFORMATION_FORMAT = dwarf;
				ENABLE_STRICT_OBJC_MSGSEND = YES;
				ENABLE_TESTABILITY = YES;
				GCC_C_LANGUAGE_STANDARD = gnu11;
				GCC_DYNAMIC_NO_PIC = NO;
				GCC_NO_COMMON_BLOCKS = YES;
				GCC_OPTIMIZATION_LEVEL = 0;
				GCC_PREPROCESSOR_DEFINITIONS = (
					"DEBUG=1",
					"$(inherited)",
				);
				GCC_WARN_64_TO_32_BIT_CONVERSION = YES;
				GCC_WARN_ABOUT_RETURN_TYPE = YES_ERROR;
				GCC_WARN_UNDECLARED_SELECTOR = YES;
				GCC_WARN_UNINITIALIZED_AUTOS = YES_AGGRESSIVE;
				GCC_WARN_UNUSED_FUNCTION = YES;
				GCC_WARN_UNUSED_VARIABLE = YES;
				IPHONEOS_DEPLOYMENT_TARGET = 15.4;
				MTL_ENABLE_DEBUG_INFO = INCLUDE_SOURCE;
				MTL_FAST_MATH = YES;
				ONLY_ACTIVE_ARCH = YES;
				SDKROOT = iphoneos;
				SWIFT_ACTIVE_COMPILATION_CONDITIONS = DEBUG;
				SWIFT_OPTIMIZATION_LEVEL = "-Onone";
			};
			name = Debug;
		};
		D70F350D28267AAB00A8EC8F /* Release */ = {
			isa = XCBuildConfiguration;
			buildSettings = {
				ALWAYS_SEARCH_USER_PATHS = NO;
				CLANG_ANALYZER_LOCALIZABILITY_NONLOCALIZED = YES;
				CLANG_ANALYZER_NONNULL = YES;
				CLANG_ANALYZER_NUMBER_OBJECT_CONVERSION = YES_AGGRESSIVE;
				CLANG_CXX_LANGUAGE_STANDARD = "gnu++17";
				CLANG_ENABLE_MODULES = YES;
				CLANG_ENABLE_OBJC_ARC = YES;
				CLANG_ENABLE_OBJC_WEAK = YES;
				CLANG_WARN_BLOCK_CAPTURE_AUTORELEASING = YES;
				CLANG_WARN_BOOL_CONVERSION = YES;
				CLANG_WARN_COMMA = YES;
				CLANG_WARN_CONSTANT_CONVERSION = YES;
				CLANG_WARN_DEPRECATED_OBJC_IMPLEMENTATIONS = YES;
				CLANG_WARN_DIRECT_OBJC_ISA_USAGE = YES_ERROR;
				CLANG_WARN_DOCUMENTATION_COMMENTS = YES;
				CLANG_WARN_EMPTY_BODY = YES;
				CLANG_WARN_ENUM_CONVERSION = YES;
				CLANG_WARN_INFINITE_RECURSION = YES;
				CLANG_WARN_INT_CONVERSION = YES;
				CLANG_WARN_NON_LITERAL_NULL_CONVERSION = YES;
				CLANG_WARN_OBJC_IMPLICIT_RETAIN_SELF = YES;
				CLANG_WARN_OBJC_LITERAL_CONVERSION = YES;
				CLANG_WARN_OBJC_ROOT_CLASS = YES_ERROR;
				CLANG_WARN_QUOTED_INCLUDE_IN_FRAMEWORK_HEADER = YES;
				CLANG_WARN_RANGE_LOOP_ANALYSIS = YES;
				CLANG_WARN_STRICT_PROTOTYPES = YES;
				CLANG_WARN_SUSPICIOUS_MOVE = YES;
				CLANG_WARN_UNGUARDED_AVAILABILITY = YES_AGGRESSIVE;
				CLANG_WARN_UNREACHABLE_CODE = YES;
				CLANG_WARN__DUPLICATE_METHOD_MATCH = YES;
				COPY_PHASE_STRIP = NO;
				DEBUG_INFORMATION_FORMAT = "dwarf-with-dsym";
				ENABLE_NS_ASSERTIONS = NO;
				ENABLE_STRICT_OBJC_MSGSEND = YES;
				GCC_C_LANGUAGE_STANDARD = gnu11;
				GCC_NO_COMMON_BLOCKS = YES;
				GCC_WARN_64_TO_32_BIT_CONVERSION = YES;
				GCC_WARN_ABOUT_RETURN_TYPE = YES_ERROR;
				GCC_WARN_UNDECLARED_SELECTOR = YES;
				GCC_WARN_UNINITIALIZED_AUTOS = YES_AGGRESSIVE;
				GCC_WARN_UNUSED_FUNCTION = YES;
				GCC_WARN_UNUSED_VARIABLE = YES;
				IPHONEOS_DEPLOYMENT_TARGET = 15.4;
				MTL_ENABLE_DEBUG_INFO = NO;
				MTL_FAST_MATH = YES;
				SDKROOT = iphoneos;
				SWIFT_COMPILATION_MODE = wholemodule;
				SWIFT_OPTIMIZATION_LEVEL = "-O";
				VALIDATE_PRODUCT = YES;
			};
			name = Release;
		};
		D70F350F28267AAB00A8EC8F /* Debug */ = {
			isa = XCBuildConfiguration;
			buildSettings = {
				ASSETCATALOG_COMPILER_APPICON_NAME = AppIcon;
				ASSETCATALOG_COMPILER_GLOBAL_ACCENT_COLOR_NAME = AccentColor;
				CODE_SIGN_STYLE = Automatic;
				CURRENT_PROJECT_VERSION = 1;
				DEVELOPMENT_TEAM = 65W84796RK;
				GENERATE_INFOPLIST_FILE = YES;
				INFOPLIST_FILE = "involta-job-placement-assigment/Info.plist";
				INFOPLIST_KEY_UIApplicationSupportsIndirectInputEvents = YES;
				INFOPLIST_KEY_UILaunchStoryboardName = LaunchScreen;
				INFOPLIST_KEY_UISupportedInterfaceOrientations_iPad = "UIInterfaceOrientationPortrait UIInterfaceOrientationPortraitUpsideDown UIInterfaceOrientationLandscapeLeft UIInterfaceOrientationLandscapeRight";
				INFOPLIST_KEY_UISupportedInterfaceOrientations_iPhone = "UIInterfaceOrientationPortrait UIInterfaceOrientationLandscapeLeft UIInterfaceOrientationLandscapeRight";
				LD_RUNPATH_SEARCH_PATHS = (
					"$(inherited)",
					"@executable_path/Frameworks",
				);
				MARKETING_VERSION = 1.0;
				PRODUCT_BUNDLE_IDENTIFIER = "mtsyganov.involta-job-placement-assigment";
				PRODUCT_NAME = "$(TARGET_NAME)";
				SWIFT_EMIT_LOC_STRINGS = YES;
				SWIFT_VERSION = 5.0;
				TARGETED_DEVICE_FAMILY = 1;
			};
			name = Debug;
		};
		D70F351028267AAB00A8EC8F /* Release */ = {
			isa = XCBuildConfiguration;
			buildSettings = {
				ASSETCATALOG_COMPILER_APPICON_NAME = AppIcon;
				ASSETCATALOG_COMPILER_GLOBAL_ACCENT_COLOR_NAME = AccentColor;
				CODE_SIGN_STYLE = Automatic;
				CURRENT_PROJECT_VERSION = 1;
				DEVELOPMENT_TEAM = 65W84796RK;
				GENERATE_INFOPLIST_FILE = YES;
				INFOPLIST_FILE = "involta-job-placement-assigment/Info.plist";
				INFOPLIST_KEY_UIApplicationSupportsIndirectInputEvents = YES;
				INFOPLIST_KEY_UILaunchStoryboardName = LaunchScreen;
				INFOPLIST_KEY_UISupportedInterfaceOrientations_iPad = "UIInterfaceOrientationPortrait UIInterfaceOrientationPortraitUpsideDown UIInterfaceOrientationLandscapeLeft UIInterfaceOrientationLandscapeRight";
				INFOPLIST_KEY_UISupportedInterfaceOrientations_iPhone = "UIInterfaceOrientationPortrait UIInterfaceOrientationLandscapeLeft UIInterfaceOrientationLandscapeRight";
				LD_RUNPATH_SEARCH_PATHS = (
					"$(inherited)",
					"@executable_path/Frameworks",
				);
				MARKETING_VERSION = 1.0;
				PRODUCT_BUNDLE_IDENTIFIER = "mtsyganov.involta-job-placement-assigment";
				PRODUCT_NAME = "$(TARGET_NAME)";
				SWIFT_EMIT_LOC_STRINGS = YES;
				SWIFT_VERSION = 5.0;
				TARGETED_DEVICE_FAMILY = 1;
			};
			name = Release;
		};
/* End XCBuildConfiguration section */

/* Begin XCConfigurationList section */
		D70F34F528267AA900A8EC8F /* Build configuration list for PBXProject "involta-job-placement-assigment" */ = {
			isa = XCConfigurationList;
			buildConfigurations = (
				D70F350C28267AAB00A8EC8F /* Debug */,
				D70F350D28267AAB00A8EC8F /* Release */,
			);
			defaultConfigurationIsVisible = 0;
			defaultConfigurationName = Release;
		};
		D70F350E28267AAB00A8EC8F /* Build configuration list for PBXNativeTarget "involta-job-placement-assigment" */ = {
			isa = XCConfigurationList;
			buildConfigurations = (
				D70F350F28267AAB00A8EC8F /* Debug */,
				D70F351028267AAB00A8EC8F /* Release */,
			);
			defaultConfigurationIsVisible = 0;
			defaultConfigurationName = Release;
		};
/* End XCConfigurationList section */
	};
	rootObject = D70F34F228267AA900A8EC8F /* Project object */;
}
